
Microsoft Visual Studio Solution File, Format Version 12.00
# Visual Studio 2013
VisualStudioVersion = 12.0.30501.0
MinimumVisualStudioVersion = 10.0.40219.1
Project("{FAE04EC0-301F-11D3-BF4B-00C04F79EFBC}") = "Datebase", "Datebase\Datebase.csproj", "{C432B875-E5A6-4E16-85D2-D41DF3CD0C0B}"
EndProject
Project("{FAE04EC0-301F-11D3-BF4B-00C04F79EFBC}") = "DesktopApplication", "DesktopApplication\DesktopApplication.csproj", "{CFA6F313-6191-47F7-A554-E3703607FF52}"
EndProject
Project("{FAE04EC0-301F-11D3-BF4B-00C04F79EFBC}") = "WebVisualization", "WebVisualization\WebVisualization.csproj", "{D4A7E21D-94FD-401F-B9F8-AFEE64AB85FA}"
EndProject
Project("{FAE04EC0-301F-11D3-BF4B-00C04F79EFBC}") = "AiutApi", "AiutApi\AiutApi.csproj", "{534045A3-170A-40E5-88ED-E5A10BD6EC67}"
EndProject
Global
	GlobalSection(SolutionConfigurationPlatforms) = preSolution
		Debug|Any CPU = Debug|Any CPU
		Release|Any CPU = Release|Any CPU
	EndGlobalSection
	GlobalSection(ProjectConfigurationPlatforms) = postSolution
		{C432B875-E5A6-4E16-85D2-D41DF3CD0C0B}.Debug|Any CPU.ActiveCfg = Debug|Any CPU
		{C432B875-E5A6-4E16-85D2-D41DF3CD0C0B}.Debug|Any CPU.Build.0 = Debug|Any CPU
		{C432B875-E5A6-4E16-85D2-D41DF3CD0C0B}.Release|Any CPU.ActiveCfg = Release|Any CPU
		{C432B875-E5A6-4E16-85D2-D41DF3CD0C0B}.Release|Any CPU.Build.0 = Release|Any CPU
		{CFA6F313-6191-47F7-A554-E3703607FF52}.Debug|Any CPU.ActiveCfg = Debug|Any CPU
		{CFA6F313-6191-47F7-A554-E3703607FF52}.Debug|Any CPU.Build.0 = Debug|Any CPU
		{CFA6F313-6191-47F7-A554-E3703607FF52}.Release|Any CPU.ActiveCfg = Release|Any CPU
		{CFA6F313-6191-47F7-A554-E3703607FF52}.Release|Any CPU.Build.0 = Release|Any CPU
		{D4A7E21D-94FD-401F-B9F8-AFEE64AB85FA}.Debug|Any CPU.ActiveCfg = Debug|Any CPU
		{D4A7E21D-94FD-401F-B9F8-AFEE64AB85FA}.Debug|Any CPU.Build.0 = Debug|Any CPU
		{D4A7E21D-94FD-401F-B9F8-AFEE64AB85FA}.Release|Any CPU.ActiveCfg = Release|Any CPU
		{D4A7E21D-94FD-401F-B9F8-AFEE64AB85FA}.Release|Any CPU.Build.0 = Release|Any CPU
		{534045A3-170A-40E5-88ED-E5A10BD6EC67}.Debug|Any CPU.ActiveCfg = Debug|Any CPU
		{534045A3-170A-40E5-88ED-E5A10BD6EC67}.Debug|Any CPU.Build.0 = Debug|Any CPU
		{534045A3-170A-40E5-88ED-E5A10BD6EC67}.Release|Any CPU.ActiveCfg = Release|Any CPU
		{534045A3-170A-40E5-88ED-E5A10BD6EC67}.Release|Any CPU.Build.0 = Release|Any CPU
	EndGlobalSection
	GlobalSection(SolutionProperties) = preSolution
		HideSolutionNode = FALSE
	EndGlobalSection
EndGlobal
